
Microsoft Visual Studio Solution File, Format Version 12.00
# Visual Studio Version 17
VisualStudioVersion = 17.14.36414.22 d17.14
MinimumVisualStudioVersion = 10.0.40219.1
Project("{FAE04EC0-301F-11D3-BF4B-00C04F79EFBC}") = "8_practice_super_duper_max", "8_practice_super_duper_max\8_practice_super_duper_max.csproj", "{6618FE47-B2C9-4821-86F4-59BFFE444EE2}"
EndProject
Global
	GlobalSection(SolutionConfigurationPlatforms) = preSolution
		Debug|Any CPU = Debug|Any CPU
		Release|Any CPU = Release|Any CPU
	EndGlobalSection
	GlobalSection(ProjectConfigurationPlatforms) = postSolution
		{6618FE47-B2C9-4821-86F4-59BFFE444EE2}.Debug|Any CPU.ActiveCfg = Debug|Any CPU
		{6618FE47-B2C9-4821-86F4-59BFFE444EE2}.Debug|Any CPU.Build.0 = Debug|Any CPU
		{6618FE47-B2C9-4821-86F4-59BFFE444EE2}.Release|Any CPU.ActiveCfg = Release|Any CPU
		{6618FE47-B2C9-4821-86F4-59BFFE444EE2}.Release|Any CPU.Build.0 = Release|Any CPU
	EndGlobalSection
	GlobalSection(SolutionProperties) = preSolution
		HideSolutionNode = FALSE
	EndGlobalSection
	GlobalSection(ExtensibilityGlobals) = postSolution
		SolutionGuid = {2181E72C-3F43-4A6B-9250-FC49330FDB00}
	EndGlobalSection
EndGlobal
